[[package]]
category = "main"
description = "Atomic file writes."
marker = "sys_platform == \"win32\""
name = "atomicwrites"
optional = false
python-versions = ">=2.7, !=3.0.*, !=3.1.*, !=3.2.*, !=3.3.*"
version = "1.4.0"

[[package]]
category = "main"
description = "Classes Without Boilerplate"
name = "attrs"
optional = false
python-versions = ">=2.7, !=3.0.*, !=3.1.*, !=3.2.*, !=3.3.*"
version = "19.3.0"

[package.extras]
azure-pipelines = ["coverage", "hypothesis", "pympler", "pytest (>=4.3.0)", "six", "zope.interface", "pytest-azurepipelines"]
dev = ["coverage", "hypothesis", "pympler", "pytest (>=4.3.0)", "six", "zope.interface", "sphinx", "pre-commit"]
docs = ["sphinx", "zope.interface"]
tests = ["coverage", "hypothesis", "pympler", "pytest (>=4.3.0)", "six", "zope.interface"]

[[package]]
category = "main"
description = "Python package for providing Mozilla's CA Bundle."
name = "certifi"
optional = false
python-versions = "*"
version = "2020.6.20"

[[package]]
category = "main"
description = "Foreign Function Interface for Python calling C code."
name = "cffi"
optional = false
python-versions = "*"
version = "1.14.1"

[package.dependencies]
pycparser = "*"

[[package]]
category = "main"
description = "Universal encoding detector for Python 2 and 3"
name = "chardet"
optional = false
python-versions = "*"
version = "3.0.4"

[[package]]
category = "main"
description = "Cross-platform colored terminal text."
marker = "sys_platform == \"win32\""
name = "colorama"
optional = false
python-versions = ">=2.7, !=3.0.*, !=3.1.*, !=3.2.*, !=3.3.*, !=3.4.*"
version = "0.4.3"

[[package]]
category = "main"
description = "Yet another Python color library."
name = "colorzero"
optional = false
python-versions = "*"
version = "1.1"

[package.extras]
doc = ["sphinx"]
test = ["pytest", "coverage", "mock"]

[[package]]
category = "main"
description = "cryptography is a package which provides cryptographic recipes and primitives to Python developers."
name = "cryptography"
optional = false
python-versions = ">=2.7,!=3.0.*,!=3.1.*,!=3.2.*,!=3.3.*,!=3.4.*"
version = "3.0"

[package.dependencies]
cffi = ">=1.8,<1.11.3 || >1.11.3"
six = ">=1.4.1"

[package.extras]
docs = ["sphinx (>=1.6.5,<1.8.0 || >1.8.0,<3.1.0 || >3.1.0,<3.1.1 || >3.1.1)", "sphinx-rtd-theme"]
docstest = ["doc8", "pyenchant (>=1.6.11)", "twine (>=1.12.0)", "sphinxcontrib-spelling (>=4.0.1)"]
idna = ["idna (>=2.1)"]
pep8test = ["black", "flake8", "flake8-import-order", "pep8-naming"]
ssh = ["bcrypt (>=3.1.5)"]
test = ["pytest (>=3.6.0,<3.9.0 || >3.9.0,<3.9.1 || >3.9.1,<3.9.2 || >3.9.2)", "pretend", "iso8601", "pytz", "hypothesis (>=1.11.4,<3.79.2 || >3.79.2)"]

[[package]]
category = "main"
description = "Composable style cycles"
name = "cycler"
optional = false
python-versions = "*"
version = "0.10.0"

[package.dependencies]
six = "*"

[[package]]
category = "main"
description = "Decorators for Humans"
name = "decorator"
optional = false
python-versions = ">=2.6, !=3.0.*, !=3.1.*"
version = "4.4.2"

[[package]]
category = "main"
description = "Official Dropbox API Client"
name = "dropbox"
optional = false
python-versions = "*"
version = "10.3.0"

[package.dependencies]
requests = ">=2.16.2"
six = ">=1.12.0"

[[package]]
category = "main"
description = "Emoji for Python"
name = "emoji"
optional = false
python-versions = "*"
version = "0.5.4"

[package.extras]
dev = ["nose", "coverage", "coveralls"]

[[package]]
category = "main"
description = "An implementation of lxml.xmlfile for the standard library"
name = "et-xmlfile"
optional = false
python-versions = "*"
version = "1.0.1"

[[package]]
category = "main"
description = "A library for automatically generating command line interfaces."
name = "fire"
optional = false
python-versions = "*"
version = "0.3.1"

[package.dependencies]
six = "*"
termcolor = "*"

[[package]]
category = "main"
description = "A simple interface to GPIO devices with Raspberry Pi."
name = "gpiozero"
optional = false
python-versions = "*"
version = "1.5.1"

[package.dependencies]
colorzero = "*"

[package.extras]
doc = ["sphinx"]
test = ["pytest", "coverage", "mock"]

[[package]]
category = "main"
description = "Internationalized Domain Names in Applications (IDNA)"
name = "idna"
optional = false
python-versions = ">=2.7, !=3.0.*, !=3.1.*, !=3.2.*, !=3.3.*"
version = "2.10"

[[package]]
category = "main"
description = "A series of convenience functions to make basic image processing functions such as translation, rotation, resizing, skeletonization, displaying Matplotlib images, sorting contours, detecting edges, and much more easier with OpenCV and both Python 2.7 and Python 3."
name = "imutils"
optional = false
python-versions = "*"
version = "0.5.3"

[[package]]
category = "main"
description = "Julian dates from proleptic Gregorian and Julian calendars."
name = "jdcal"
optional = false
python-versions = "*"
version = "1.4.1"

[[package]]
category = "main"
description = "A fast implementation of the Cassowary constraint solver"
name = "kiwisolver"
optional = false
python-versions = ">=3.6"
version = "1.2.0"

[[package]]
category = "main"
description = "Python plotting package"
name = "matplotlib"
optional = false
python-versions = ">=3.6"
version = "3.2.2"

[package.dependencies]
cycler = ">=0.10"
kiwisolver = ">=1.0.1"
numpy = ">=1.11"
pyparsing = ">=2.0.1,<2.0.4 || >2.0.4,<2.1.2 || >2.1.2,<2.1.6 || >2.1.6"
python-dateutil = ">=2.1"

[[package]]
category = "main"
description = "More routines for operating on iterables, beyond itertools"
name = "more-itertools"
optional = false
python-versions = ">=3.5"
version = "8.4.0"

[[package]]
category = "main"
description = "NumPy is the fundamental package for array computing with Python."
name = "numpy"
optional = false
python-versions = ">=3.5"
version = "1.18.4"

[[package]]
category = "main"
description = "A Python library to read/write Excel 2010 xlsx/xlsm files"
name = "openpyxl"
optional = false
python-versions = ">=3.6,"
version = "3.0.4"

[package.dependencies]
et-xmlfile = "*"
jdcal = "*"

[[package]]
category = "main"
description = "Core utilities for Python packages"
name = "packaging"
optional = false
python-versions = ">=2.7, !=3.0.*, !=3.1.*, !=3.2.*, !=3.3.*"
version = "20.4"

[package.dependencies]
pyparsing = ">=2.0.2"
six = "*"

[[package]]
category = "main"
description = "Powerful data structures for data analysis, time series, and statistics"
name = "pandas"
optional = false
python-versions = ">=3.5.3"
version = "0.25.3"

[package.dependencies]
numpy = ">=1.13.3"
python-dateutil = ">=2.6.1"
pytz = ">=2017.2"

[package.extras]
test = ["pytest (>=4.0.2)", "pytest-xdist", "hypothesis (>=3.58)"]

[[package]]
category = "main"
description = "plugin and hook calling mechanisms for python"
name = "pluggy"
optional = false
python-versions = ">=2.7, !=3.0.*, !=3.1.*, !=3.2.*, !=3.3.*"
version = "0.13.1"

[package.extras]
dev = ["pre-commit", "tox"]

[[package]]
category = "main"
description = "library with cross-python path, ini-parsing, io, code, log facilities"
name = "py"
optional = false
python-versions = ">=2.7, !=3.0.*, !=3.1.*, !=3.2.*, !=3.3.*"
version = "1.9.0"

[[package]]
category = "main"
description = "C parser in Python"
name = "pycparser"
optional = false
python-versions = ">=2.7, !=3.0.*, !=3.1.*, !=3.2.*, !=3.3.*"
version = "2.20"

[[package]]
category = "main"
description = "Python parsing module"
name = "pyparsing"
optional = false
python-versions = ">=2.6, !=3.0.*, !=3.1.*, !=3.2.*"
version = "2.4.7"

[[package]]
category = "main"
description = "Python Serial Port Extension"
name = "pyserial"
optional = false
python-versions = "*"
version = "3.4"

[[package]]
category = "main"
description = "A Python SOCKS client module. See https://github.com/Anorov/PySocks for more information."
name = "pysocks"
optional = false
python-versions = ">=2.7, !=3.0.*, !=3.1.*, !=3.2.*, !=3.3.*"
version = "1.7.1"

[[package]]
category = "main"
description = "pytest: simple powerful testing with Python"
name = "pytest"
optional = false
python-versions = ">=3.5"
version = "5.4.3"

[package.dependencies]
atomicwrites = ">=1.0"
attrs = ">=17.4.0"
colorama = "*"
more-itertools = ">=4.0.0"
packaging = "*"
pluggy = ">=0.12,<1.0"
py = ">=1.5.0"
wcwidth = "*"

[package.extras]
checkqa-mypy = ["mypy (v0.761)"]
testing = ["argcomplete", "hypothesis (>=3.56)", "mock", "nose", "requests", "xmlschema"]

[[package]]
category = "main"
description = "Extensions to the standard Python datetime module"
name = "python-dateutil"
optional = false
python-versions = "!=3.0.*,!=3.1.*,!=3.2.*,>=2.7"
version = "2.8.1"

[package.dependencies]
six = ">=1.5"

[[package]]
category = "dev"
description = "Add .env support to your django/flask apps in development and deployments"
name = "python-dotenv"
optional = false
python-versions = "*"
version = "0.13.0"

[package.extras]
cli = ["click (>=5.0)"]

[[package]]
category = "main"
description = "We have made you a wrapper you can't refuse"
name = "python-telegram-bot"
optional = false
python-versions = "*"
version = "12.8"

[package.dependencies]
certifi = "*"
cryptography = "*"
decorator = ">=4.4.0"
tornado = ">=5.1"

[package.dependencies.PySocks]
optional = true
version = "*"

[package.extras]
json = ["ujson"]
socks = ["pysocks"]

[[package]]
category = "main"
description = "World timezone definitions, modern and historical"
name = "pytz"
optional = false
python-versions = "*"
version = "2020.1"

[[package]]
category = "main"
description = "Python HTTP for Humans."
name = "requests"
optional = false
python-versions = ">=2.7, !=3.0.*, !=3.1.*, !=3.2.*, !=3.3.*, !=3.4.*"
version = "2.24.0"

[package.dependencies]
certifi = ">=2017.4.17"
chardet = ">=3.0.2,<4"
idna = ">=2.5,<3"
urllib3 = ">=1.21.1,<1.25.0 || >1.25.0,<1.25.1 || >1.25.1,<1.26"

[package.extras]
security = ["pyOpenSSL (>=0.14)", "cryptography (>=1.3.4)"]
socks = ["PySocks (>=1.5.6,<1.5.7 || >1.5.7)", "win-inet-pton"]

[[package]]
category = "main"
description = "Job scheduling for humans."
name = "schedule"
optional = false
python-versions = "*"
version = "0.6.0"

[[package]]
category = "main"
description = "SciPy: Scientific Library for Python"
name = "scipy"
optional = false
python-versions = ">=3.5"
version = "1.4.1"

[package.dependencies]
numpy = ">=1.13.3"

[[package]]
category = "main"
description = "seaborn: statistical data visualization"
name = "seaborn"
optional = false
python-versions = ">=3.6"
version = "0.10.1"

[package.dependencies]
matplotlib = ">=2.1.2"
numpy = ">=1.13.3"
pandas = ">=0.22.0"
scipy = ">=1.0.1"

[[package]]
category = "main"
description = "Python client for Sentry (https://getsentry.com)"
name = "sentry-sdk"
optional = false
python-versions = "*"
version = "0.15.1"

[package.dependencies]
certifi = "*"
urllib3 = ">=1.10.0"

[package.extras]
aiohttp = ["aiohttp (>=3.5)"]
beam = ["beam (>=2.12)"]
bottle = ["bottle (>=0.12.13)"]
celery = ["celery (>=3)"]
django = ["django (>=1.8)"]
falcon = ["falcon (>=1.4)"]
flask = ["flask (>=0.11)", "blinker (>=1.1)"]
pyspark = ["pyspark (>=2.4.4)"]
rq = ["rq (>=0.6)"]
sanic = ["sanic (>=0.8)"]
sqlalchemy = ["sqlalchemy (>=1.2)"]
tornado = ["tornado (>=5)"]

[[package]]
category = "main"
description = "Python 2 and 3 compatibility utilities"
name = "six"
optional = false
python-versions = ">=2.7, !=3.0.*, !=3.1.*, !=3.2.*"
version = "1.15.0"

[[package]]
category = "main"
description = "Database Abstraction Library"
name = "sqlalchemy"
optional = false
python-versions = ">=2.7, !=3.0.*, !=3.1.*, !=3.2.*, !=3.3.*"
version = "1.3.18"

[package.extras]
mssql = ["pyodbc"]
mssql_pymssql = ["pymssql"]
mssql_pyodbc = ["pyodbc"]
mysql = ["mysqlclient"]
oracle = ["cx-oracle"]
postgresql = ["psycopg2"]
postgresql_pg8000 = ["pg8000"]
postgresql_psycopg2binary = ["psycopg2-binary"]
postgresql_psycopg2cffi = ["psycopg2cffi"]
pymysql = ["pymysql"]

[[package]]
category = "main"
description = "ANSII Color formatting for output in terminal."
name = "termcolor"
optional = false
python-versions = "*"
version = "1.1.0"

[[package]]
category = "main"
description = "Tornado is a Python web framework and asynchronous networking library, originally developed at FriendFeed."
name = "tornado"
optional = false
python-versions = ">= 3.5"
version = "6.0.4"

[[package]]
category = "main"
description = "HTTP library with thread-safe connection pooling, file post, and more."
name = "urllib3"
optional = false
python-versions = ">=2.7, !=3.0.*, !=3.1.*, !=3.2.*, !=3.3.*, !=3.4.*, <4"
version = "1.25.10"

[package.extras]
brotli = ["brotlipy (>=0.6.0)"]
secure = ["certifi", "cryptography (>=1.3.4)", "idna (>=2.0.0)", "pyOpenSSL (>=0.14)", "ipaddress"]
socks = ["PySocks (>=1.5.6,<1.5.7 || >1.5.7,<2.0)"]

[[package]]
category = "main"
description = "Measures the displayed width of unicode strings in a terminal"
name = "wcwidth"
optional = false
python-versions = "*"
version = "0.2.5"

[[package]]
category = "main"
description = "A built-package format for Python"
name = "wheel"
optional = false
python-versions = ">=2.7, !=3.0.*, !=3.1.*, !=3.2.*, !=3.3.*, !=3.4.*"
version = "0.34.2"

[package.extras]
test = ["pytest (>=3.0.0)", "pytest-cov"]

[metadata]
content-hash = "b8622f12466d107195a60caa2262c1e975f6dbc7756fd1ba17e391dba3434fef"
python-versions = "^3.8"

[metadata.files]
atomicwrites = [
    {file = "atomicwrites-1.4.0-py2.py3-none-any.whl", hash = "sha256:6d1784dea7c0c8d4a5172b6c620f40b6e4cbfdf96d783691f2e1302a7b88e197"},
    {file = "atomicwrites-1.4.0.tar.gz", hash = "sha256:ae70396ad1a434f9c7046fd2dd196fc04b12f9e91ffb859164193be8b6168a7a"},
]
attrs = [
    {file = "attrs-19.3.0-py2.py3-none-any.whl", hash = "sha256:08a96c641c3a74e44eb59afb61a24f2cb9f4d7188748e76ba4bb5edfa3cb7d1c"},
    {file = "attrs-19.3.0.tar.gz", hash = "sha256:f7b7ce16570fe9965acd6d30101a28f62fb4a7f9e926b3bbc9b61f8b04247e72"},
]
certifi = [
    {file = "certifi-2020.6.20-py2.py3-none-any.whl", hash = "sha256:8fc0819f1f30ba15bdb34cceffb9ef04d99f420f68eb75d901e9560b8749fc41"},
    {file = "certifi-2020.6.20.tar.gz", hash = "sha256:5930595817496dd21bb8dc35dad090f1c2cd0adfaf21204bf6732ca5d8ee34d3"},
]
cffi = [
    {file = "cffi-1.14.1-cp27-cp27m-macosx_10_9_x86_64.whl", hash = "sha256:66dd45eb9530e3dde8f7c009f84568bc7cac489b93d04ac86e3111fb46e470c2"},
    {file = "cffi-1.14.1-cp27-cp27m-manylinux1_i686.whl", hash = "sha256:4f53e4128c81ca3212ff4cf097c797ab44646a40b42ec02a891155cd7a2ba4d8"},
    {file = "cffi-1.14.1-cp27-cp27m-manylinux1_x86_64.whl", hash = "sha256:833401b15de1bb92791d7b6fb353d4af60dc688eaa521bd97203dcd2d124a7c1"},
    {file = "cffi-1.14.1-cp27-cp27m-win32.whl", hash = "sha256:26f33e8f6a70c255767e3c3f957ccafc7f1f706b966e110b855bfe944511f1f9"},
    {file = "cffi-1.14.1-cp27-cp27m-win_amd64.whl", hash = "sha256:b87dfa9f10a470eee7f24234a37d1d5f51e5f5fa9eeffda7c282e2b8f5162eb1"},
    {file = "cffi-1.14.1-cp27-cp27mu-manylinux1_i686.whl", hash = "sha256:effd2ba52cee4ceff1a77f20d2a9f9bf8d50353c854a282b8760ac15b9833168"},
    {file = "cffi-1.14.1-cp27-cp27mu-manylinux1_x86_64.whl", hash = "sha256:bac0d6f7728a9cc3c1e06d4fcbac12aaa70e9379b3025b27ec1226f0e2d404cf"},
    {file = "cffi-1.14.1-cp35-cp35m-macosx_10_9_x86_64.whl", hash = "sha256:d6033b4ffa34ef70f0b8086fd4c3df4bf801fee485a8a7d4519399818351aa8e"},
    {file = "cffi-1.14.1-cp35-cp35m-manylinux1_i686.whl", hash = "sha256:8416ed88ddc057bab0526d4e4e9f3660f614ac2394b5e019a628cdfff3733849"},
    {file = "cffi-1.14.1-cp35-cp35m-manylinux1_x86_64.whl", hash = "sha256:892daa86384994fdf4856cb43c93f40cbe80f7f95bb5da94971b39c7f54b3a9c"},
    {file = "cffi-1.14.1-cp35-cp35m-win32.whl", hash = "sha256:c991112622baee0ae4d55c008380c32ecfd0ad417bcd0417ba432e6ba7328caa"},
    {file = "cffi-1.14.1-cp35-cp35m-win_amd64.whl", hash = "sha256:fcf32bf76dc25e30ed793145a57426064520890d7c02866eb93d3e4abe516948"},
    {file = "cffi-1.14.1-cp36-cp36m-macosx_10_9_x86_64.whl", hash = "sha256:f960375e9823ae6a07072ff7f8a85954e5a6434f97869f50d0e41649a1c8144f"},
    {file = "cffi-1.14.1-cp36-cp36m-manylinux1_i686.whl", hash = "sha256:a6d28e7f14ecf3b2ad67c4f106841218c8ab12a0683b1528534a6c87d2307af3"},
    {file = "cffi-1.14.1-cp36-cp36m-manylinux1_x86_64.whl", hash = "sha256:cda422d54ee7905bfc53ee6915ab68fe7b230cacf581110df4272ee10462aadc"},
    {file = "cffi-1.14.1-cp36-cp36m-win32.whl", hash = "sha256:4a03416915b82b81af5502459a8a9dd62a3c299b295dcdf470877cb948d655f2"},
    {file = "cffi-1.14.1-cp36-cp36m-win_amd64.whl", hash = "sha256:4ce1e995aeecf7cc32380bc11598bfdfa017d592259d5da00fc7ded11e61d022"},
    {file = "cffi-1.14.1-cp37-cp37m-macosx_10_9_x86_64.whl", hash = "sha256:e23cb7f1d8e0f93addf0cae3c5b6f00324cccb4a7949ee558d7b6ca973ab8ae9"},
    {file = "cffi-1.14.1-cp37-cp37m-manylinux1_i686.whl", hash = "sha256:ddff0b2bd7edcc8c82d1adde6dbbf5e60d57ce985402541cd2985c27f7bec2a0"},
    {file = "cffi-1.14.1-cp37-cp37m-manylinux1_x86_64.whl", hash = "sha256:f90c2267101010de42f7273c94a1f026e56cbc043f9330acd8a80e64300aba33"},
    {file = "cffi-1.14.1-cp37-cp37m-win32.whl", hash = "sha256:3cd2c044517f38d1b577f05927fb9729d3396f1d44d0c659a445599e79519792"},
    {file = "cffi-1.14.1-cp37-cp37m-win_amd64.whl", hash = "sha256:4fa72a52a906425416f41738728268072d5acfd48cbe7796af07a923236bcf96"},
    {file = "cffi-1.14.1-cp38-cp38-macosx_10_9_x86_64.whl", hash = "sha256:267adcf6e68d77ba154334a3e4fc921b8e63cbb38ca00d33d40655d4228502bc"},
    {file = "cffi-1.14.1-cp38-cp38-manylinux1_i686.whl", hash = "sha256:d3148b6ba3923c5850ea197a91a42683f946dba7e8eb82dfa211ab7e708de939"},
    {file = "cffi-1.14.1-cp38-cp38-manylinux1_x86_64.whl", hash = "sha256:98be759efdb5e5fa161e46d404f4e0ce388e72fbf7d9baf010aff16689e22abe"},
    {file = "cffi-1.14.1-cp38-cp38-win32.whl", hash = "sha256:6923d077d9ae9e8bacbdb1c07ae78405a9306c8fd1af13bfa06ca891095eb995"},
    {file = "cffi-1.14.1-cp38-cp38-win_amd64.whl", hash = "sha256:b1d6ebc891607e71fd9da71688fcf332a6630b7f5b7f5549e6e631821c0e5d90"},
    {file = "cffi-1.14.1.tar.gz", hash = "sha256:b2a2b0d276a136146e012154baefaea2758ef1f56ae9f4e01c612b0831e0bd2f"},
]
chardet = [
    {file = "chardet-3.0.4-py2.py3-none-any.whl", hash = "sha256:fc323ffcaeaed0e0a02bf4d117757b98aed530d9ed4531e3e15460124c106691"},
    {file = "chardet-3.0.4.tar.gz", hash = "sha256:84ab92ed1c4d4f16916e05906b6b75a6c0fb5db821cc65e70cbd64a3e2a5eaae"},
]
colorama = [
    {file = "colorama-0.4.3-py2.py3-none-any.whl", hash = "sha256:7d73d2a99753107a36ac6b455ee49046802e59d9d076ef8e47b61499fa29afff"},
    {file = "colorama-0.4.3.tar.gz", hash = "sha256:e96da0d330793e2cb9485e9ddfd918d456036c7149416295932478192f4436a1"},
]
colorzero = [
    {file = "colorzero-1.1-py2.py3-none-any.whl", hash = "sha256:e3c36d15b293de2b2f77ff54a5bd243fffac941ed0a5332d0697a6612a26a0a3"},
    {file = "colorzero-1.1.tar.gz", hash = "sha256:acba47119b5d8555680d3cda9afe6ccc5481385ccc3c00084dd973f7aa184599"},
]
cryptography = [
    {file = "cryptography-3.0-cp27-cp27m-macosx_10_10_x86_64.whl", hash = "sha256:ab49edd5bea8d8b39a44b3db618e4783ef84c19c8b47286bf05dfdb3efb01c83"},
    {file = "cryptography-3.0-cp27-cp27m-manylinux1_x86_64.whl", hash = "sha256:124af7255ffc8e964d9ff26971b3a6153e1a8a220b9a685dc407976ecb27a06a"},
    {file = "cryptography-3.0-cp27-cp27m-manylinux2010_x86_64.whl", hash = "sha256:51e40123083d2f946794f9fe4adeeee2922b581fa3602128ce85ff813d85b81f"},
    {file = "cryptography-3.0-cp27-cp27m-win32.whl", hash = "sha256:dea0ba7fe6f9461d244679efa968d215ea1f989b9c1957d7f10c21e5c7c09ad6"},
    {file = "cryptography-3.0-cp27-cp27m-win_amd64.whl", hash = "sha256:8ecf9400d0893836ff41b6f977a33972145a855b6efeb605b49ee273c5e6469f"},
    {file = "cryptography-3.0-cp27-cp27mu-manylinux1_x86_64.whl", hash = "sha256:0c608ff4d4adad9e39b5057de43657515c7da1ccb1807c3a27d4cf31fc923b4b"},
    {file = "cryptography-3.0-cp27-cp27mu-manylinux2010_x86_64.whl", hash = "sha256:bec7568c6970b865f2bcebbe84d547c52bb2abadf74cefce396ba07571109c67"},
    {file = "cryptography-3.0-cp35-abi3-macosx_10_10_x86_64.whl", hash = "sha256:0cbfed8ea74631fe4de00630f4bb592dad564d57f73150d6f6796a24e76c76cd"},
    {file = "cryptography-3.0-cp35-abi3-manylinux1_x86_64.whl", hash = "sha256:a09fd9c1cca9a46b6ad4bea0a1f86ab1de3c0c932364dbcf9a6c2a5eeb44fa77"},
    {file = "cryptography-3.0-cp35-abi3-manylinux2010_x86_64.whl", hash = "sha256:ce82cc06588e5cbc2a7df3c8a9c778f2cb722f56835a23a68b5a7264726bb00c"},
    {file = "cryptography-3.0-cp35-cp35m-win32.whl", hash = "sha256:9367d00e14dee8d02134c6c9524bb4bd39d4c162456343d07191e2a0b5ec8b3b"},
    {file = "cryptography-3.0-cp35-cp35m-win_amd64.whl", hash = "sha256:384d7c681b1ab904fff3400a6909261cae1d0939cc483a68bdedab282fb89a07"},
    {file = "cryptography-3.0-cp36-cp36m-win32.whl", hash = "sha256:4d355f2aee4a29063c10164b032d9fa8a82e2c30768737a2fd56d256146ad559"},
    {file = "cryptography-3.0-cp36-cp36m-win_amd64.whl", hash = "sha256:45741f5499150593178fc98d2c1a9c6722df88b99c821ad6ae298eff0ba1ae71"},
    {file = "cryptography-3.0-cp37-cp37m-win32.whl", hash = "sha256:8ecef21ac982aa78309bb6f092d1677812927e8b5ef204a10c326fc29f1367e2"},
    {file = "cryptography-3.0-cp37-cp37m-win_amd64.whl", hash = "sha256:4b9303507254ccb1181d1803a2080a798910ba89b1a3c9f53639885c90f7a756"},
    {file = "cryptography-3.0-cp38-cp38-win32.whl", hash = "sha256:8713ddb888119b0d2a1462357d5946b8911be01ddbf31451e1d07eaa5077a261"},
    {file = "cryptography-3.0-cp38-cp38-win_amd64.whl", hash = "sha256:bea0b0468f89cdea625bb3f692cd7a4222d80a6bdafd6fb923963f2b9da0e15f"},
    {file = "cryptography-3.0.tar.gz", hash = "sha256:8e924dbc025206e97756e8903039662aa58aa9ba357d8e1d8fc29e3092322053"},
]
cycler = [
    {file = "cycler-0.10.0-py2.py3-none-any.whl", hash = "sha256:1d8a5ae1ff6c5cf9b93e8811e581232ad8920aeec647c37316ceac982b08cb2d"},
    {file = "cycler-0.10.0.tar.gz", hash = "sha256:cd7b2d1018258d7247a71425e9f26463dfb444d411c39569972f4ce586b0c9d8"},
]
decorator = [
    {file = "decorator-4.4.2-py2.py3-none-any.whl", hash = "sha256:41fa54c2a0cc4ba648be4fd43cff00aedf5b9465c9bf18d64325bc225f08f760"},
    {file = "decorator-4.4.2.tar.gz", hash = "sha256:e3a62f0520172440ca0dcc823749319382e377f37f140a0b99ef45fecb84bfe7"},
]
dropbox = [
    {file = "dropbox-10.3.0-py2-none-any.whl", hash = "sha256:9017ed687de4d4ea040a48587d4ad6ac10814325d9632243a3668b223175e110"},
    {file = "dropbox-10.3.0-py3-none-any.whl", hash = "sha256:51143eb11f8806e1ae8a42361b21cf6c075c59f576f661d42f776492249e0905"},
    {file = "dropbox-10.3.0.tar.gz", hash = "sha256:5f296f13ee7c358ab41779a73c4922ed81199447566c1a4c8fbf23dbcda25e20"},
]
emoji = [
    {file = "emoji-0.5.4.tar.gz", hash = "sha256:60652d3a2dcee5b8af8acb097c31776fb6d808027aeb7221830f72cdafefc174"},
]
et-xmlfile = [
    {file = "et_xmlfile-1.0.1.tar.gz", hash = "sha256:614d9722d572f6246302c4491846d2c393c199cfa4edc9af593437691683335b"},
]
fire = [
    {file = "fire-0.3.1.tar.gz", hash = "sha256:9736a16227c3d469e5d2d296bce5b4d8fa8d7851e953bda327a455fc2994307f"},
]
gpiozero = [
    {file = "gpiozero-1.5.1-py2.py3-none-any.whl", hash = "sha256:101044038e71cec8be2fa841d4cea9e50e7962e9fb0287f465298b59e3f06594"},
    {file = "gpiozero-1.5.1.tar.gz", hash = "sha256:ae1a8dc4e6e793ffd8f900968f3290d218052c46347fa0c0503c65fabe422e4d"},
]
idna = [
    {file = "idna-2.10-py2.py3-none-any.whl", hash = "sha256:b97d804b1e9b523befed77c48dacec60e6dcb0b5391d57af6a65a312a90648c0"},
    {file = "idna-2.10.tar.gz", hash = "sha256:b307872f855b18632ce0c21c5e45be78c0ea7ae4c15c828c20788b26921eb3f6"},
]
imutils = [
    {file = "imutils-0.5.3.tar.gz", hash = "sha256:857af6169d90e4a0a814130b9b107f5d611150ce440107e1c1233521c6fb1e2b"},
]
jdcal = [
    {file = "jdcal-1.4.1-py2.py3-none-any.whl", hash = "sha256:1abf1305fce18b4e8aa248cf8fe0c56ce2032392bc64bbd61b5dff2a19ec8bba"},
    {file = "jdcal-1.4.1.tar.gz", hash = "sha256:472872e096eb8df219c23f2689fc336668bdb43d194094b5cc1707e1640acfc8"},
]
kiwisolver = [
    {file = "kiwisolver-1.2.0-cp36-cp36m-macosx_10_9_x86_64.whl", hash = "sha256:443c2320520eda0a5b930b2725b26f6175ca4453c61f739fef7a5847bd262f74"},
    {file = "kiwisolver-1.2.0-cp36-cp36m-manylinux1_i686.whl", hash = "sha256:efcf3397ae1e3c3a4a0a0636542bcad5adad3b1dd3e8e629d0b6e201347176c8"},
    {file = "kiwisolver-1.2.0-cp36-cp36m-manylinux1_x86_64.whl", hash = "sha256:fccefc0d36a38c57b7bd233a9b485e2f1eb71903ca7ad7adacad6c28a56d62d2"},
    {file = "kiwisolver-1.2.0-cp36-none-win32.whl", hash = "sha256:60a78858580761fe611d22127868f3dc9f98871e6fdf0a15cc4203ed9ba6179b"},
    {file = "kiwisolver-1.2.0-cp36-none-win_amd64.whl", hash = "sha256:556da0a5f60f6486ec4969abbc1dd83cf9b5c2deadc8288508e55c0f5f87d29c"},
    {file = "kiwisolver-1.2.0-cp37-cp37m-macosx_10_9_x86_64.whl", hash = "sha256:7cc095a4661bdd8a5742aaf7c10ea9fac142d76ff1770a0f84394038126d8fc7"},
    {file = "kiwisolver-1.2.0-cp37-cp37m-manylinux1_i686.whl", hash = "sha256:c955791d80e464da3b471ab41eb65cf5a40c15ce9b001fdc5bbc241170de58ec"},
    {file = "kiwisolver-1.2.0-cp37-cp37m-manylinux1_x86_64.whl", hash = "sha256:603162139684ee56bcd57acc74035fceed7dd8d732f38c0959c8bd157f913fec"},
    {file = "kiwisolver-1.2.0-cp37-none-win32.whl", hash = "sha256:03662cbd3e6729f341a97dd2690b271e51a67a68322affab12a5b011344b973c"},
    {file = "kiwisolver-1.2.0-cp37-none-win_amd64.whl", hash = "sha256:4eadb361baf3069f278b055e3bb53fa189cea2fd02cb2c353b7a99ebb4477ef1"},
    {file = "kiwisolver-1.2.0-cp38-cp38-macosx_10_9_x86_64.whl", hash = "sha256:c31bc3c8e903d60a1ea31a754c72559398d91b5929fcb329b1c3a3d3f6e72113"},
    {file = "kiwisolver-1.2.0-cp38-cp38-manylinux1_i686.whl", hash = "sha256:d52b989dc23cdaa92582ceb4af8d5bcc94d74b2c3e64cd6785558ec6a879793e"},
    {file = "kiwisolver-1.2.0-cp38-cp38-manylinux1_x86_64.whl", hash = "sha256:e586b28354d7b6584d8973656a7954b1c69c93f708c0c07b77884f91640b7657"},
    {file = "kiwisolver-1.2.0-cp38-none-win32.whl", hash = "sha256:d069ef4b20b1e6b19f790d00097a5d5d2c50871b66d10075dab78938dc2ee2cf"},
    {file = "kiwisolver-1.2.0-cp38-none-win_amd64.whl", hash = "sha256:18d749f3e56c0480dccd1714230da0f328e6e4accf188dd4e6884bdd06bf02dd"},
    {file = "kiwisolver-1.2.0.tar.gz", hash = "sha256:247800260cd38160c362d211dcaf4ed0f7816afb5efe56544748b21d6ad6d17f"},
]
matplotlib = [
    {file = "matplotlib-3.2.2-cp36-cp36m-macosx_10_9_x86_64.whl", hash = "sha256:a47abc48c7b81fe6e636dde8a58e49b13d87d140e0f448213a4879f4a3f73345"},
    {file = "matplotlib-3.2.2-cp36-cp36m-manylinux1_x86_64.whl", hash = "sha256:20bcd11efe194cd302bd0653cb025b8d16bcd80442359bfca8d49dc805f35ec8"},
    {file = "matplotlib-3.2.2-cp36-cp36m-win32.whl", hash = "sha256:2a6d64336b547e25730b6221e7aadfb01a391a065d43b5f51f0b9d7f673d2dd2"},
    {file = "matplotlib-3.2.2-cp36-cp36m-win_amd64.whl", hash = "sha256:4416825ebc9c1f135027a30e8d8aea0edcf45078ce767c7f7386737413cfb98f"},
    {file = "matplotlib-3.2.2-cp37-cp37m-macosx_10_9_x86_64.whl", hash = "sha256:465c752278d27895e23f1379d6fcfa3a2990643b803c25e3bc16a10641d2346a"},
    {file = "matplotlib-3.2.2-cp37-cp37m-manylinux1_x86_64.whl", hash = "sha256:81de040403a33bf3c68e9d4a40e26c8d24da00f7e3fadd845003b7e106785da7"},
    {file = "matplotlib-3.2.2-cp37-cp37m-win32.whl", hash = "sha256:006413f08ba5db1f5b1e0d6fbdc2ac9058b062ccf552f57182563a78579c34b4"},
    {file = "matplotlib-3.2.2-cp37-cp37m-win_amd64.whl", hash = "sha256:da06fa530591a141ffbe1712bbeec784734c3436b40c942d21652f305199b5d9"},
    {file = "matplotlib-3.2.2-cp38-cp38-macosx_10_9_x86_64.whl", hash = "sha256:894dd47c0a6ce38dc19bc87d1f7e2b0608310b2a18d1572291157450b05ce874"},
    {file = "matplotlib-3.2.2-cp38-cp38-manylinux1_x86_64.whl", hash = "sha256:1ab264770e7cf2cf4feb99f22c737066aef21ddf1ec402dc255450ac15eacb7b"},
    {file = "matplotlib-3.2.2-cp38-cp38-win32.whl", hash = "sha256:91c153f4318e3c67c035fd1185f5ea2613f15008b73b66985033033f6fe54bbd"},
    {file = "matplotlib-3.2.2-cp38-cp38-win_amd64.whl", hash = "sha256:a68e42e22f7fd190a532e4215e142276970c2d54040a0c46842fcb3db8b6ec5b"},
    {file = "matplotlib-3.2.2-cp39-cp39-win32.whl", hash = "sha256:647cf232ccf6265d2ba1ac4103e8c8b6ac7b03a40da3421234ffb03dda217f59"},
    {file = "matplotlib-3.2.2-cp39-cp39-win_amd64.whl", hash = "sha256:31d32c83bb2b617377c6156f75e88b9ec2ded289e47ad4ff0f263dc1019d88b1"},
    {file = "matplotlib-3.2.2-pp36-pypy36_pp73-win32.whl", hash = "sha256:67065d938df34478451af62fbd0670d2b51c4d859fb66673064eb5de8660dd7c"},
    {file = "matplotlib-3.2.2.tar.gz", hash = "sha256:3d77a6630d093d74cbbfebaa0571d00790966be1ed204e4a8239f5cbd6835c5d"},
]
more-itertools = [
    {file = "more-itertools-8.4.0.tar.gz", hash = "sha256:68c70cc7167bdf5c7c9d8f6954a7837089c6a36bf565383919bb595efb8a17e5"},
    {file = "more_itertools-8.4.0-py3-none-any.whl", hash = "sha256:b78134b2063dd214000685165d81c154522c3ee0a1c0d4d113c80361c234c5a2"},
]
numpy = [
    {file = "numpy-1.18.4-cp35-cp35m-macosx_10_9_intel.whl", hash = "sha256:efdba339fffb0e80fcc19524e4fdbda2e2b5772ea46720c44eaac28096d60720"},
    {file = "numpy-1.18.4-cp35-cp35m-manylinux1_i686.whl", hash = "sha256:2b573fcf6f9863ce746e4ad00ac18a948978bb3781cffa4305134d31801f3e26"},
    {file = "numpy-1.18.4-cp35-cp35m-manylinux1_x86_64.whl", hash = "sha256:3f0dae97e1126f529ebb66f3c63514a0f72a177b90d56e4bce8a0b5def34627a"},
    {file = "numpy-1.18.4-cp35-cp35m-win32.whl", hash = "sha256:dccd380d8e025c867ddcb2f84b439722cf1f23f3a319381eac45fd077dee7170"},
    {file = "numpy-1.18.4-cp35-cp35m-win_amd64.whl", hash = "sha256:02ec9582808c4e48be4e93cd629c855e644882faf704bc2bd6bbf58c08a2a897"},
    {file = "numpy-1.18.4-cp36-cp36m-macosx_10_9_x86_64.whl", hash = "sha256:904b513ab8fbcbdb062bed1ce2f794ab20208a1b01ce9bd90776c6c7e7257032"},
    {file = "numpy-1.18.4-cp36-cp36m-manylinux1_i686.whl", hash = "sha256:e22cd0f72fc931d6abc69dc7764484ee20c6a60b0d0fee9ce0426029b1c1bdae"},
    {file = "numpy-1.18.4-cp36-cp36m-manylinux1_x86_64.whl", hash = "sha256:2466fbcf23711ebc5daa61d28ced319a6159b260a18839993d871096d66b93f7"},
    {file = "numpy-1.18.4-cp36-cp36m-win32.whl", hash = "sha256:00d7b54c025601e28f468953d065b9b121ddca7fff30bed7be082d3656dd798d"},
    {file = "numpy-1.18.4-cp36-cp36m-win_amd64.whl", hash = "sha256:7d59f21e43bbfd9a10953a7e26b35b6849d888fc5a331fa84a2d9c37bd9fe2a2"},
    {file = "numpy-1.18.4-cp37-cp37m-macosx_10_9_x86_64.whl", hash = "sha256:efb7ac5572c9a57159cf92c508aad9f856f1cb8e8302d7fdb99061dbe52d712c"},
    {file = "numpy-1.18.4-cp37-cp37m-manylinux1_i686.whl", hash = "sha256:0e6f72f7bb08f2f350ed4408bb7acdc0daba637e73bce9f5ea2b207039f3af88"},
    {file = "numpy-1.18.4-cp37-cp37m-manylinux1_x86_64.whl", hash = "sha256:9933b81fecbe935e6a7dc89cbd2b99fea1bf362f2790daf9422a7bb1dc3c3085"},
    {file = "numpy-1.18.4-cp37-cp37m-win32.whl", hash = "sha256:96dd36f5cdde152fd6977d1bbc0f0561bccffecfde63cd397c8e6033eb66baba"},
    {file = "numpy-1.18.4-cp37-cp37m-win_amd64.whl", hash = "sha256:57aea170fb23b1fd54fa537359d90d383d9bf5937ee54ae8045a723caa5e0961"},
    {file = "numpy-1.18.4-cp38-cp38-macosx_10_9_x86_64.whl", hash = "sha256:ed722aefb0ebffd10b32e67f48e8ac4c5c4cf5d3a785024fdf0e9eb17529cd9d"},
    {file = "numpy-1.18.4-cp38-cp38-manylinux1_i686.whl", hash = "sha256:50fb72bcbc2cf11e066579cb53c4ca8ac0227abb512b6cbc1faa02d1595a2a5d"},
    {file = "numpy-1.18.4-cp38-cp38-manylinux1_x86_64.whl", hash = "sha256:709c2999b6bd36cdaf85cf888d8512da7433529f14a3689d6e37ab5242e7add5"},
    {file = "numpy-1.18.4-cp38-cp38-win32.whl", hash = "sha256:f22273dd6a403ed870207b853a856ff6327d5cbce7a835dfa0645b3fc00273ec"},
    {file = "numpy-1.18.4-cp38-cp38-win_amd64.whl", hash = "sha256:1be2e96314a66f5f1ce7764274327fd4fb9da58584eaff00b5a5221edefee7d6"},
    {file = "numpy-1.18.4.zip", hash = "sha256:bbcc85aaf4cd84ba057decaead058f43191cc0e30d6bc5d44fe336dc3d3f4509"},
]
openpyxl = [
    {file = "openpyxl-3.0.4-py2.py3-none-any.whl", hash = "sha256:6e62f058d19b09b95d20ebfbfb04857ad08d0833190516c1660675f699c6186f"},
]
packaging = [
    {file = "packaging-20.4-py2.py3-none-any.whl", hash = "sha256:998416ba6962ae7fbd6596850b80e17859a5753ba17c32284f67bfff33784181"},
    {file = "packaging-20.4.tar.gz", hash = "sha256:4357f74f47b9c12db93624a82154e9b120fa8293699949152b22065d556079f8"},
]
pandas = [
    {file = "pandas-0.25.3-cp35-cp35m-macosx_10_6_intel.whl", hash = "sha256:df8864824b1fe488cf778c3650ee59c3a0d8f42e53707de167ba6b4f7d35f133"},
    {file = "pandas-0.25.3-cp35-cp35m-manylinux1_i686.whl", hash = "sha256:7458c48e3d15b8aaa7d575be60e1e4dd70348efcd9376656b72fecd55c59a4c3"},
    {file = "pandas-0.25.3-cp35-cp35m-manylinux1_x86_64.whl", hash = "sha256:61741f5aeb252f39c3031d11405305b6d10ce663c53bc3112705d7ad66c013d0"},
    {file = "pandas-0.25.3-cp35-cp35m-win32.whl", hash = "sha256:adc3d3a3f9e59a38d923e90e20c4922fc62d1e5a03d083440468c6d8f3f1ae0a"},
    {file = "pandas-0.25.3-cp35-cp35m-win_amd64.whl", hash = "sha256:975c461accd14e89d71772e89108a050fa824c0b87a67d34cedf245f6681fc17"},
    {file = "pandas-0.25.3-cp36-cp36m-macosx_10_9_x86_64.whl", hash = "sha256:ee50c2142cdcf41995655d499a157d0a812fce55c97d9aad13bc1eef837ed36c"},
    {file = "pandas-0.25.3-cp36-cp36m-manylinux1_i686.whl", hash = "sha256:4545467a637e0e1393f7d05d61dace89689ad6d6f66f267f86fff737b702cce9"},
    {file = "pandas-0.25.3-cp36-cp36m-manylinux1_x86_64.whl", hash = "sha256:bbe3eb765a0b1e578833d243e2814b60c825b7fdbf4cdfe8e8aae8a08ed56ecf"},
    {file = "pandas-0.25.3-cp36-cp36m-win32.whl", hash = "sha256:8153705d6545fd9eb6dd2bc79301bff08825d2e2f716d5dced48daafc2d0b81f"},
    {file = "pandas-0.25.3-cp36-cp36m-win_amd64.whl", hash = "sha256:26382aab9c119735908d94d2c5c08020a4a0a82969b7e5eefb92f902b3b30ad7"},
    {file = "pandas-0.25.3-cp37-cp37m-macosx_10_9_x86_64.whl", hash = "sha256:00dff3a8e337f5ed7ad295d98a31821d3d0fe7792da82d78d7fd79b89c03ea9d"},
    {file = "pandas-0.25.3-cp37-cp37m-manylinux1_x86_64.whl", hash = "sha256:e45055c30a608076e31a9fcd780a956ed3b1fa20db61561b8d88b79259f526f7"},
    {file = "pandas-0.25.3-cp37-cp37m-win32.whl", hash = "sha256:255920e63850dc512ce356233081098554d641ba99c3767dde9e9f35630f994b"},
    {file = "pandas-0.25.3-cp37-cp37m-win_amd64.whl", hash = "sha256:22361b1597c8c2ffd697aa9bf85423afa9e1fcfa6b1ea821054a244d5f24d75e"},
    {file = "pandas-0.25.3-cp38-cp38-macosx_10_9_x86_64.whl", hash = "sha256:9962957a27bfb70ab64103d0a7b42fa59c642fb4ed4cb75d0227b7bb9228535d"},
    {file = "pandas-0.25.3-cp38-cp38-manylinux1_x86_64.whl", hash = "sha256:78bf638993219311377ce9836b3dc05f627a666d0dbc8cec37c0ff3c9ada673b"},
    {file = "pandas-0.25.3-cp38-cp38-win32.whl", hash = "sha256:6a3ac2c87e4e32a969921d1428525f09462770c349147aa8e9ab95f88c71ec71"},
    {file = "pandas-0.25.3-cp38-cp38-win_amd64.whl", hash = "sha256:33970f4cacdd9a0ddb8f21e151bfb9f178afb7c36eb7c25b9094c02876f385c2"},
    {file = "pandas-0.25.3.tar.gz", hash = "sha256:52da74df8a9c9a103af0a72c9d5fdc8e0183a90884278db7f386b5692a2220a4"},
]
pluggy = [
    {file = "pluggy-0.13.1-py2.py3-none-any.whl", hash = "sha256:966c145cd83c96502c3c3868f50408687b38434af77734af1e9ca461a4081d2d"},
    {file = "pluggy-0.13.1.tar.gz", hash = "sha256:15b2acde666561e1298d71b523007ed7364de07029219b604cf808bfa1c765b0"},
]
py = [
    {file = "py-1.9.0-py2.py3-none-any.whl", hash = "sha256:366389d1db726cd2fcfc79732e75410e5fe4d31db13692115529d34069a043c2"},
    {file = "py-1.9.0.tar.gz", hash = "sha256:9ca6883ce56b4e8da7e79ac18787889fa5206c79dcc67fb065376cd2fe03f342"},
]
pycparser = [
    {file = "pycparser-2.20-py2.py3-none-any.whl", hash = "sha256:7582ad22678f0fcd81102833f60ef8d0e57288b6b5fb00323d101be910e35705"},
    {file = "pycparser-2.20.tar.gz", hash = "sha256:2d475327684562c3a96cc71adf7dc8c4f0565175cf86b6d7a404ff4c771f15f0"},
]
pyparsing = [
    {file = "pyparsing-2.4.7-py2.py3-none-any.whl", hash = "sha256:ef9d7589ef3c200abe66653d3f1ab1033c3c419ae9b9bdb1240a85b024efc88b"},
    {file = "pyparsing-2.4.7.tar.gz", hash = "sha256:c203ec8783bf771a155b207279b9bccb8dea02d8f0c9e5f8ead507bc3246ecc1"},
]
pyserial = [
    {file = "pyserial-3.4-py2.py3-none-any.whl", hash = "sha256:e0770fadba80c31013896c7e6ef703f72e7834965954a78e71a3049488d4d7d8"},
    {file = "pyserial-3.4.tar.gz", hash = "sha256:6e2d401fdee0eab996cf734e67773a0143b932772ca8b42451440cfed942c627"},
]
pysocks = [
    {file = "PySocks-1.7.1-py27-none-any.whl", hash = "sha256:08e69f092cc6dbe92a0fdd16eeb9b9ffbc13cadfe5ca4c7bd92ffb078b293299"},
    {file = "PySocks-1.7.1-py3-none-any.whl", hash = "sha256:2725bd0a9925919b9b51739eea5f9e2bae91e83288108a9ad338b2e3a4435ee5"},
    {file = "PySocks-1.7.1.tar.gz", hash = "sha256:3f8804571ebe159c380ac6de37643bb4685970655d3bba243530d6558b799aa0"},
]
pytest = [
    {file = "pytest-5.4.3-py3-none-any.whl", hash = "sha256:5c0db86b698e8f170ba4582a492248919255fcd4c79b1ee64ace34301fb589a1"},
    {file = "pytest-5.4.3.tar.gz", hash = "sha256:7979331bfcba207414f5e1263b5a0f8f521d0f457318836a7355531ed1a4c7d8"},
]
python-dateutil = [
    {file = "python-dateutil-2.8.1.tar.gz", hash = "sha256:73ebfe9dbf22e832286dafa60473e4cd239f8592f699aa5adaf10050e6e1823c"},
    {file = "python_dateutil-2.8.1-py2.py3-none-any.whl", hash = "sha256:75bb3f31ea686f1197762692a9ee6a7550b59fc6ca3a1f4b5d7e32fb98e2da2a"},
]
python-dotenv = [
    {file = "python-dotenv-0.13.0.tar.gz", hash = "sha256:3b9909bc96b0edc6b01586e1eed05e71174ef4e04c71da5786370cebea53ad74"},
    {file = "python_dotenv-0.13.0-py2.py3-none-any.whl", hash = "sha256:25c0ff1a3e12f4bde8d592cc254ab075cfe734fc5dd989036716fd17ee7e5ec7"},
]
python-telegram-bot = [
    {file = "python-telegram-bot-12.8.tar.gz", hash = "sha256:327186c56469216207dcdf8706892e58e0a62e51ef46f5143268e387bbb4edc3"},
    {file = "python_telegram_bot-12.8-py2.py3-none-any.whl", hash = "sha256:7eebed539ccacf77896cff9e41d1f68746b8ff3ca4da1e2e59285e9c749cb050"},
]
pytz = [
    {file = "pytz-2020.1-py2.py3-none-any.whl", hash = "sha256:a494d53b6d39c3c6e44c3bec237336e14305e4f29bbf800b599253057fbb79ed"},
    {file = "pytz-2020.1.tar.gz", hash = "sha256:c35965d010ce31b23eeb663ed3cc8c906275d6be1a34393a1d73a41febf4a048"},
]
requests = [
    {file = "requests-2.24.0-py2.py3-none-any.whl", hash = "sha256:fe75cc94a9443b9246fc7049224f75604b113c36acb93f87b80ed42c44cbb898"},
    {file = "requests-2.24.0.tar.gz", hash = "sha256:b3559a131db72c33ee969480840fff4bb6dd111de7dd27c8ee1f820f4f00231b"},
]
schedule = [
    {file = "schedule-0.6.0-py2.py3-none-any.whl", hash = "sha256:3f895a1036799a25ab9c335de917073e63cf8256920917e932777382f101f08f"},
    {file = "schedule-0.6.0.tar.gz", hash = "sha256:f9fb5181283de4db6e701d476dd01b6a3dd81c38462a54991ddbb9d26db857c9"},
]
scipy = [
    {file = "scipy-1.4.1-cp35-cp35m-macosx_10_6_intel.whl", hash = "sha256:c5cac0c0387272ee0e789e94a570ac51deb01c796b37fb2aad1fb13f85e2f97d"},
    {file = "scipy-1.4.1-cp35-cp35m-manylinux1_i686.whl", hash = "sha256:a144811318853a23d32a07bc7fd5561ff0cac5da643d96ed94a4ffe967d89672"},
    {file = "scipy-1.4.1-cp35-cp35m-manylinux1_x86_64.whl", hash = "sha256:71eb180f22c49066f25d6df16f8709f215723317cc951d99e54dc88020ea57be"},
    {file = "scipy-1.4.1-cp35-cp35m-win32.whl", hash = "sha256:770254a280d741dd3436919d47e35712fb081a6ff8bafc0f319382b954b77802"},
    {file = "scipy-1.4.1-cp35-cp35m-win_amd64.whl", hash = "sha256:a1aae70d52d0b074d8121333bc807a485f9f1e6a69742010b33780df2e60cfe0"},
    {file = "scipy-1.4.1-cp36-cp36m-macosx_10_6_intel.whl", hash = "sha256:bb517872058a1f087c4528e7429b4a44533a902644987e7b2fe35ecc223bc408"},
    {file = "scipy-1.4.1-cp36-cp36m-manylinux1_i686.whl", hash = "sha256:dba8306f6da99e37ea08c08fef6e274b5bf8567bb094d1dbe86a20e532aca088"},
    {file = "scipy-1.4.1-cp36-cp36m-manylinux1_x86_64.whl", hash = "sha256:386086e2972ed2db17cebf88610aab7d7f6e2c0ca30042dc9a89cf18dcc363fa"},
    {file = "scipy-1.4.1-cp36-cp36m-win32.whl", hash = "sha256:8d3bc3993b8e4be7eade6dcc6fd59a412d96d3a33fa42b0fa45dc9e24495ede9"},
    {file = "scipy-1.4.1-cp36-cp36m-win_amd64.whl", hash = "sha256:dc60bb302f48acf6da8ca4444cfa17d52c63c5415302a9ee77b3b21618090521"},
    {file = "scipy-1.4.1-cp37-cp37m-macosx_10_6_intel.whl", hash = "sha256:787cc50cab3020a865640aba3485e9fbd161d4d3b0d03a967df1a2881320512d"},
    {file = "scipy-1.4.1-cp37-cp37m-manylinux1_i686.whl", hash = "sha256:0902a620a381f101e184a958459b36d3ee50f5effd186db76e131cbefcbb96f7"},
    {file = "scipy-1.4.1-cp37-cp37m-manylinux1_x86_64.whl", hash = "sha256:00af72998a46c25bdb5824d2b729e7dabec0c765f9deb0b504f928591f5ff9d4"},
    {file = "scipy-1.4.1-cp37-cp37m-win32.whl", hash = "sha256:9508a7c628a165c2c835f2497837bf6ac80eb25291055f56c129df3c943cbaf8"},
    {file = "scipy-1.4.1-cp37-cp37m-win_amd64.whl", hash = "sha256:a2d6df9eb074af7f08866598e4ef068a2b310d98f87dc23bd1b90ec7bdcec802"},
    {file = "scipy-1.4.1-cp38-cp38-macosx_10_9_x86_64.whl", hash = "sha256:3092857f36b690a321a662fe5496cb816a7f4eecd875e1d36793d92d3f884073"},
    {file = "scipy-1.4.1-cp38-cp38-manylinux1_i686.whl", hash = "sha256:8a07760d5c7f3a92e440ad3aedcc98891e915ce857664282ae3c0220f3301eb6"},
    {file = "scipy-1.4.1-cp38-cp38-manylinux1_x86_64.whl", hash = "sha256:1e3190466d669d658233e8a583b854f6386dd62d655539b77b3fa25bfb2abb70"},
    {file = "scipy-1.4.1-cp38-cp38-win32.whl", hash = "sha256:cc971a82ea1170e677443108703a2ec9ff0f70752258d0e9f5433d00dda01f59"},
    {file = "scipy-1.4.1-cp38-cp38-win_amd64.whl", hash = "sha256:2cce3f9847a1a51019e8c5b47620da93950e58ebc611f13e0d11f4980ca5fecb"},
    {file = "scipy-1.4.1.tar.gz", hash = "sha256:dee1bbf3a6c8f73b6b218cb28eed8dd13347ea2f87d572ce19b289d6fd3fbc59"},
]
seaborn = [
    {file = "seaborn-0.10.1-py3-none-any.whl", hash = "sha256:c901ce494541fb4714cfa7db79d0232dc3f4c4dfd3f273bacf17816084df5b53"},
    {file = "seaborn-0.10.1.tar.gz", hash = "sha256:2d1a0c9d6bd1bc3cadb0364b8f06540f51322a670cf8438d0fde1c1c7317adc0"},
]
sentry-sdk = [
    {file = "sentry-sdk-0.15.1.tar.gz", hash = "sha256:3ac0c430761b3cb7682ce612151d829f8644bb3830d4e530c75b02ceb745ff49"},
    {file = "sentry_sdk-0.15.1-py2.py3-none-any.whl", hash = "sha256:06825c15a78934e78941ea25910db71314c891608a46492fc32c15902c6b2119"},
]
six = [
    {file = "six-1.15.0-py2.py3-none-any.whl", hash = "sha256:8b74bedcbbbaca38ff6d7491d76f2b06b3592611af620f8426e82dddb04a5ced"},
    {file = "six-1.15.0.tar.gz", hash = "sha256:30639c035cdb23534cd4aa2dd52c3bf48f06e5f4a941509c8bafd8ce11080259"},
]
sqlalchemy = [
    {file = "SQLAlchemy-1.3.18-cp27-cp27m-macosx_10_14_x86_64.whl", hash = "sha256:f11c2437fb5f812d020932119ba02d9e2bc29a6eca01a055233a8b449e3e1e7d"},
    {file = "SQLAlchemy-1.3.18-cp27-cp27m-manylinux1_x86_64.whl", hash = "sha256:0ec575db1b54909750332c2e335c2bb11257883914a03bc5a3306a4488ecc772"},
    {file = "SQLAlchemy-1.3.18-cp27-cp27m-manylinux2010_x86_64.whl", hash = "sha256:f57be5673e12763dd400fea568608700a63ce1c6bd5bdbc3cc3a2c5fdb045274"},
    {file = "SQLAlchemy-1.3.18-cp27-cp27m-win32.whl", hash = "sha256:8cac7bb373a5f1423e28de3fd5fc8063b9c8ffe8957dc1b1a59cb90453db6da1"},
    {file = "SQLAlchemy-1.3.18-cp27-cp27m-win_amd64.whl", hash = "sha256:adad60eea2c4c2a1875eb6305a0b6e61a83163f8e233586a4d6a55221ef984fe"},
    {file = "SQLAlchemy-1.3.18-cp27-cp27mu-manylinux1_x86_64.whl", hash = "sha256:57aa843b783179ab72e863512e14bdcba186641daf69e4e3a5761d705dcc35b1"},
    {file = "SQLAlchemy-1.3.18-cp27-cp27mu-manylinux2010_x86_64.whl", hash = "sha256:621f58cd921cd71ba6215c42954ffaa8a918eecd8c535d97befa1a8acad986dd"},
    {file = "SQLAlchemy-1.3.18-cp35-cp35m-macosx_10_14_x86_64.whl", hash = "sha256:fc728ece3d5c772c196fd338a99798e7efac7a04f9cb6416299a3638ee9a94cd"},
    {file = "SQLAlchemy-1.3.18-cp35-cp35m-manylinux1_x86_64.whl", hash = "sha256:736d41cfebedecc6f159fc4ac0769dc89528a989471dc1d378ba07d29a60ba1c"},
    {file = "SQLAlchemy-1.3.18-cp35-cp35m-manylinux2010_x86_64.whl", hash = "sha256:427273b08efc16a85aa2b39892817e78e3ed074fcb89b2a51c4979bae7e7ba98"},
    {file = "SQLAlchemy-1.3.18-cp35-cp35m-win32.whl", hash = "sha256:cbe1324ef52ff26ccde2cb84b8593c8bf930069dfc06c1e616f1bfd4e47f48a3"},
    {file = "SQLAlchemy-1.3.18-cp35-cp35m-win_amd64.whl", hash = "sha256:8fd452dc3d49b3cc54483e033de6c006c304432e6f84b74d7b2c68afa2569ae5"},
    {file = "SQLAlchemy-1.3.18-cp36-cp36m-macosx_10_14_x86_64.whl", hash = "sha256:e89e0d9e106f8a9180a4ca92a6adde60c58b1b0299e1b43bd5e0312f535fbf33"},
    {file = "SQLAlchemy-1.3.18-cp36-cp36m-manylinux1_x86_64.whl", hash = "sha256:6ac2558631a81b85e7fb7a44e5035347938b0a73f5fdc27a8566777d0792a6a4"},
    {file = "SQLAlchemy-1.3.18-cp36-cp36m-manylinux2010_x86_64.whl", hash = "sha256:87fad64529cde4f1914a5b9c383628e1a8f9e3930304c09cf22c2ae118a1280e"},
    {file = "SQLAlchemy-1.3.18-cp36-cp36m-win32.whl", hash = "sha256:e4624d7edb2576cd72bb83636cd71c8ce544d8e272f308bd80885056972ca299"},
    {file = "SQLAlchemy-1.3.18-cp36-cp36m-win_amd64.whl", hash = "sha256:89494df7f93b1836cae210c42864b292f9b31eeabca4810193761990dc689cce"},
    {file = "SQLAlchemy-1.3.18-cp37-cp37m-macosx_10_14_x86_64.whl", hash = "sha256:716754d0b5490bdcf68e1e4925edc02ac07209883314ad01a137642ddb2056f1"},
    {file = "SQLAlchemy-1.3.18-cp37-cp37m-manylinux1_x86_64.whl", hash = "sha256:50c4ee32f0e1581828843267d8de35c3298e86ceecd5e9017dc45788be70a864"},
    {file = "SQLAlchemy-1.3.18-cp37-cp37m-manylinux2010_x86_64.whl", hash = "sha256:d98bc827a1293ae767c8f2f18be3bb5151fd37ddcd7da2a5f9581baeeb7a3fa1"},
    {file = "SQLAlchemy-1.3.18-cp37-cp37m-win32.whl", hash = "sha256:0942a3a0df3f6131580eddd26d99071b48cfe5aaf3eab2783076fbc5a1c1882e"},
    {file = "SQLAlchemy-1.3.18-cp37-cp37m-win_amd64.whl", hash = "sha256:16593fd748944726540cd20f7e83afec816c2ac96b082e26ae226e8f7e9688cf"},
    {file = "SQLAlchemy-1.3.18-cp38-cp38-macosx_10_14_x86_64.whl", hash = "sha256:c26f95e7609b821b5f08a72dab929baa0d685406b953efd7c89423a511d5c413"},
    {file = "SQLAlchemy-1.3.18-cp38-cp38-manylinux1_x86_64.whl", hash = "sha256:512a85c3c8c3995cc91af3e90f38f460da5d3cade8dc3a229c8e0879037547c9"},
    {file = "SQLAlchemy-1.3.18-cp38-cp38-manylinux2010_x86_64.whl", hash = "sha256:d05c4adae06bd0c7f696ae3ec8d993ed8ffcc4e11a76b1b35a5af8a099bd2284"},
    {file = "SQLAlchemy-1.3.18-cp38-cp38-win32.whl", hash = "sha256:109581ccc8915001e8037b73c29590e78ce74be49ca0a3630a23831f9e3ed6c7"},
    {file = "SQLAlchemy-1.3.18-cp38-cp38-win_amd64.whl", hash = "sha256:8619b86cb68b185a778635be5b3e6018623c0761dde4df2f112896424aa27bd8"},
    {file = "SQLAlchemy-1.3.18.tar.gz", hash = "sha256:da2fb75f64792c1fc64c82313a00c728a7c301efe6a60b7a9fe35b16b4368ce7"},
]
termcolor = [
    {file = "termcolor-1.1.0.tar.gz", hash = "sha256:1d6d69ce66211143803fbc56652b41d73b4a400a2891d7bf7a1cdf4c02de613b"},
]
tornado = [
    {file = "tornado-6.0.4-cp35-cp35m-win32.whl", hash = "sha256:5217e601700f24e966ddab689f90b7ea4bd91ff3357c3600fa1045e26d68e55d"},
    {file = "tornado-6.0.4-cp35-cp35m-win_amd64.whl", hash = "sha256:c98232a3ac391f5faea6821b53db8db461157baa788f5d6222a193e9456e1740"},
    {file = "tornado-6.0.4-cp36-cp36m-win32.whl", hash = "sha256:5f6a07e62e799be5d2330e68d808c8ac41d4a259b9cea61da4101b83cb5dc673"},
    {file = "tornado-6.0.4-cp36-cp36m-win_amd64.whl", hash = "sha256:c952975c8ba74f546ae6de2e226ab3cc3cc11ae47baf607459a6728585bb542a"},
    {file = "tornado-6.0.4-cp37-cp37m-win32.whl", hash = "sha256:2c027eb2a393d964b22b5c154d1a23a5f8727db6fda837118a776b29e2b8ebc6"},
    {file = "tornado-6.0.4-cp37-cp37m-win_amd64.whl", hash = "sha256:5618f72e947533832cbc3dec54e1dffc1747a5cb17d1fd91577ed14fa0dc081b"},
    {file = "tornado-6.0.4-cp38-cp38-win32.whl", hash = "sha256:22aed82c2ea340c3771e3babc5ef220272f6fd06b5108a53b4976d0d722bcd52"},
    {file = "tornado-6.0.4-cp38-cp38-win_amd64.whl", hash = "sha256:c58d56003daf1b616336781b26d184023ea4af13ae143d9dda65e31e534940b9"},
    {file = "tornado-6.0.4.tar.gz", hash = "sha256:0fe2d45ba43b00a41cd73f8be321a44936dc1aba233dee979f17a042b83eb6dc"},
]
urllib3 = [
    {file = "urllib3-1.25.10-py2.py3-none-any.whl", hash = "sha256:e7983572181f5e1522d9c98453462384ee92a0be7fac5f1413a1e35c56cc0461"},
    {file = "urllib3-1.25.10.tar.gz", hash = "sha256:91056c15fa70756691db97756772bb1eb9678fa585d9184f24534b100dc60f4a"},
]
wcwidth = [
    {file = "wcwidth-0.2.5-py2.py3-none-any.whl", hash = "sha256:beb4802a9cebb9144e99086eff703a642a13d6a0052920003a230f3294bbe784"},
    {file = "wcwidth-0.2.5.tar.gz", hash = "sha256:c4d647b99872929fdb7bdcaa4fbe7f01413ed3d98077df798530e5b04f116c83"},
]
wheel = [
    {file = "wheel-0.34.2-py2.py3-none-any.whl", hash = "sha256:df277cb51e61359aba502208d680f90c0493adec6f0e848af94948778aed386e"},
    {file = "wheel-0.34.2.tar.gz", hash = "sha256:8788e9155fe14f54164c1b9eb0a319d98ef02c160725587ad60f14ddc57b6f96"},
]
